// !$*UTF8*$!
{
	archiveVersion = 1;
	classes = {
	};
	objectVersion = 48;
	objects = {

/* Begin PBXBuildFile section */
		D83D88731F813B38000380A3 /* AppDelegate.swift in Sources */ = {isa = PBXBuildFile; fileRef = D83D88721F813B38000380A3 /* AppDelegate.swift */; };
		D83D88751F813B38000380A3 /* ViewController.swift in Sources */ = {isa = PBXBuildFile; fileRef = D83D88741F813B38000380A3 /* ViewController.swift */; };
		D83D88781F813B38000380A3 /* Main.storyboard in Resources */ = {isa = PBXBuildFile; fileRef = D83D88761F813B38000380A3 /* Main.storyboard */; };
		D83D887A1F813B38000380A3 /* Assets.xcassets in Resources */ = {isa = PBXBuildFile; fileRef = D83D88791F813B38000380A3 /* Assets.xcassets */; };
		D83D887D1F813B38000380A3 /* LaunchScreen.storyboard in Resources */ = {isa = PBXBuildFile; fileRef = D83D887B1F813B38000380A3 /* LaunchScreen.storyboard */; };
		D83D88881F813B38000380A3 /* Mark_3Tests.swift in Sources */ = {isa = PBXBuildFile; fileRef = D83D88871F813B38000380A3 /* Mark_3Tests.swift */; };
		D83D88931F813B38000380A3 /* Mark_3UITests.swift in Sources */ = {isa = PBXBuildFile; fileRef = D83D88921F813B38000380A3 /* Mark_3UITests.swift */; };
/* End PBXBuildFile section */

/* Begin PBXContainerItemProxy section */
		D83D88841F813B38000380A3 /* PBXContainerItemProxy */ = {
			isa = PBXContainerItemProxy;
			containerPortal = D83D88671F813B38000380A3 /* Project object */;
			proxyType = 1;
			remoteGlobalIDString = D83D886E1F813B38000380A3;
			remoteInfo = "Mark 3";
		};
		D83D888F1F813B38000380A3 /* PBXContainerItemProxy */ = {
			isa = PBXContainerItemProxy;
			containerPortal = D83D88671F813B38000380A3 /* Project object */;
			proxyType = 1;
			remoteGlobalIDString = D83D886E1F813B38000380A3;
			remoteInfo = "Mark 3";
		};
/* End PBXContainerItemProxy section */

/* Begin PBXFileReference section */
		D83D886F1F813B38000380A3 /* Mark 3.app */ = {isa = PBXFileReference; explicitFileType = wrapper.application; includeInIndex = 0; path = "Mark 3.app"; sourceTree = BUILT_PRODUCTS_DIR; };
		D83D88721F813B38000380A3 /* AppDelegate.swift */ = {isa = PBXFileReference; lastKnownFileType = sourcecode.swift; path = AppDelegate.swift; sourceTree = "<group>"; };
		D83D88741F813B38000380A3 /* ViewController.swift */ = {isa = PBXFileReference; lastKnownFileType = sourcecode.swift; path = ViewController.swift; sourceTree = "<group>"; };
		D83D88771F813B38000380A3 /* Base */ = {isa = PBXFileReference; lastKnownFileType = file.storyboard; name = Base; path = Base.lproj/Main.storyboard; sourceTree = "<group>"; };
		D83D88791F813B38000380A3 /* Assets.xcassets */ = {isa = PBXFileReference; lastKnownFileType = folder.assetcatalog; path = Assets.xcassets; sourceTree = "<group>"; };
		D83D887C1F813B38000380A3 /* Base */ = {isa = PBXFileReference; lastKnownFileType = file.storyboard; name = Base; path = Base.lproj/LaunchScreen.storyboard; sourceTree = "<group>"; };
		D83D887E1F813B38000380A3 /* Info.plist */ = {isa = PBXFileReference; lastKnownFileType = text.plist.xml; path = Info.plist; sourceTree = "<group>"; };
		D83D88831F813B38000380A3 /* Mark 3Tests.xctest */ = {isa = PBXFileReference; explicitFileType = wrapper.cfbundle; includeInIndex = 0; path = "Mark 3Tests.xctest"; sourceTree = BUILT_PRODUCTS_DIR; };
		D83D88871F813B38000380A3 /* Mark_3Tests.swift */ = {isa = PBXFileReference; lastKnownFileType = sourcecode.swift; path = Mark_3Tests.swift; sourceTree = "<group>"; };
		D83D88891F813B38000380A3 /* Info.plist */ = {isa = PBXFileReference; lastKnownFileType = text.plist.xml; path = Info.plist; sourceTree = "<group>"; };
		D83D888E1F813B38000380A3 /* Mark 3UITests.xctest */ = {isa = PBXFileReference; explicitFileType = wrapper.cfbundle; includeInIndex = 0; path = "Mark 3UITests.xctest"; sourceTree = BUILT_PRODUCTS_DIR; };
		D83D88921F813B38000380A3 /* Mark_3UITests.swift */ = {isa = PBXFileReference; lastKnownFileType = sourcecode.swift; path = Mark_3UITests.swift; sourceTree = "<group>"; };
		D83D88941F813B38000380A3 /* Info.plist */ = {isa = PBXFileReference; lastKnownFileType = text.plist.xml; path = Info.plist; sourceTree = "<group>"; };
/* End PBXFileReference section */

/* Begin PBXFrameworksBuildPhase section */
		D83D886C1F813B38000380A3 /* Frameworks */ = {
			isa = PBXFrameworksBuildPhase;
			buildActionMask = 2147483647;
			files = (
			);
			runOnlyForDeploymentPostprocessing = 0;
		};
		D83D88801F813B38000380A3 /* Frameworks */ = {
			isa = PBXFrameworksBuildPhase;
			buildActionMask = 2147483647;
			files = (
			);
			runOnlyForDeploymentPostprocessing = 0;
		};
		D83D888B1F813B38000380A3 /* Frameworks */ = {
			isa = PBXFrameworksBuildPhase;
			buildActionMask = 2147483647;
			files = (
			);
			runOnlyForDeploymentPostprocessing = 0;
		};
/* End PBXFrameworksBuildPhase section */

/* Begin PBXGroup section */
		D83D88661F813B38000380A3 = {
			isa = PBXGroup;
			children = (
				D83D88711F813B38000380A3 /* Mark 3 */,
				D83D88861F813B38000380A3 /* Mark 3Tests */,
				D83D88911F813B38000380A3 /* Mark 3UITests */,
				D83D88701F813B38000380A3 /* Products */,
			);
			sourceTree = "<group>";
		};
		D83D88701F813B38000380A3 /* Products */ = {
			isa = PBXGroup;
			children = (
				D83D886F1F813B38000380A3 /* Mark 3.app */,
				D83D88831F813B38000380A3 /* Mark 3Tests.xctest */,
				D83D888E1F813B38000380A3 /* Mark 3UITests.xctest */,
			);
			name = Products;
			sourceTree = "<group>";
		};
		D83D88711F813B38000380A3 /* Mark 3 */ = {
			isa = PBXGroup;
			children = (
				D83D88721F813B38000380A3 /* AppDelegate.swift */,
				D83D88741F813B38000380A3 /* ViewController.swift */,
				D83D88761F813B38000380A3 /* Main.storyboard */,
				D83D88791F813B38000380A3 /* Assets.xcassets */,
				D83D887B1F813B38000380A3 /* LaunchScreen.storyboard */,
				D83D887E1F813B38000380A3 /* Info.plist */,
			);
			path = "Mark 3";
			sourceTree = "<group>";
		};
		D83D88861F813B38000380A3 /* Mark 3Tests */ = {
			isa = PBXGroup;
			children = (
				D83D88871F813B38000380A3 /* Mark_3Tests.swift */,
				D83D88891F813B38000380A3 /* Info.plist */,
			);
			path = "Mark 3Tests";
			sourceTree = "<group>";
		};
		D83D88911F813B38000380A3 /* Mark 3UITests */ = {
			isa = PBXGroup;
			children = (
				D83D88921F813B38000380A3 /* Mark_3UITests.swift */,
				D83D88941F813B38000380A3 /* Info.plist */,
			);
			path = "Mark 3UITests";
			sourceTree = "<group>";
		};
/* End PBXGroup section */

/* Begin PBXNativeTarget section */
		D83D886E1F813B38000380A3 /* Mark 3 */ = {
			isa = PBXNativeTarget;
			buildConfigurationList = D83D88971F813B38000380A3 /* Build configuration list for PBXNativeTarget "Mark 3" */;
			buildPhases = (
				D83D886B1F813B38000380A3 /* Sources */,
				D83D886C1F813B38000380A3 /* Frameworks */,
				D83D886D1F813B38000380A3 /* Resources */,
			);
			buildRules = (
			);
			dependencies = (
			);
			name = "Mark 3";
			productName = "Mark 3";
			productReference = D83D886F1F813B38000380A3 /* Mark 3.app */;
			productType = "com.apple.product-type.application";
		};
		D83D88821F813B38000380A3 /* Mark 3Tests */ = {
			isa = PBXNativeTarget;
			buildConfigurationList = D83D889A1F813B38000380A3 /* Build configuration list for PBXNativeTarget "Mark 3Tests" */;
			buildPhases = (
				D83D887F1F813B38000380A3 /* Sources */,
				D83D88801F813B38000380A3 /* Frameworks */,
				D83D88811F813B38000380A3 /* Resources */,
			);
			buildRules = (
			);
			dependencies = (
				D83D88851F813B38000380A3 /* PBXTargetDependency */,
			);
			name = "Mark 3Tests";
			productName = "Mark 3Tests";
			productReference = D83D88831F813B38000380A3 /* Mark 3Tests.xctest */;
			productType = "com.apple.product-type.bundle.unit-test";
		};
		D83D888D1F813B38000380A3 /* Mark 3UITests */ = {
			isa = PBXNativeTarget;
			buildConfigurationList = D83D889D1F813B38000380A3 /* Build configuration list for PBXNativeTarget "Mark 3UITests" */;
			buildPhases = (
				D83D888A1F813B38000380A3 /* Sources */,
				D83D888B1F813B38000380A3 /* Frameworks */,
				D83D888C1F813B38000380A3 /* Resources */,
			);
			buildRules = (
			);
			dependencies = (
				D83D88901F813B38000380A3 /* PBXTargetDependency */,
			);
			name = "Mark 3UITests";
			productName = "Mark 3UITests";
			productReference = D83D888E1F813B38000380A3 /* Mark 3UITests.xctest */;
			productType = "com.apple.product-type.bundle.ui-testing";
		};
/* End PBXNativeTarget section */

/* Begin PBXProject section */
		D83D88671F813B38000380A3 /* Project object */ = {
			isa = PBXProject;
			attributes = {
				LastSwiftUpdateCheck = 0900;
				LastUpgradeCheck = 0900;
				ORGANIZATIONNAME = "Nathan Preston";
				TargetAttributes = {
					D83D886E1F813B38000380A3 = {
						CreatedOnToolsVersion = 9.0;
						ProvisioningStyle = Automatic;
					};
					D83D88821F813B38000380A3 = {
						CreatedOnToolsVersion = 9.0;
						ProvisioningStyle = Automatic;
						TestTargetID = D83D886E1F813B38000380A3;
					};
					D83D888D1F813B38000380A3 = {
						CreatedOnToolsVersion = 9.0;
						ProvisioningStyle = Automatic;
						TestTargetID = D83D886E1F813B38000380A3;
					};
				};
			};
			buildConfigurationList = D83D886A1F813B38000380A3 /* Build configuration list for PBXProject "Mark 3" */;
			compatibilityVersion = "Xcode 8.0";
			developmentRegion = en;
			hasScannedForEncodings = 0;
			knownRegions = (
				en,
				Base,
			);
			mainGroup = D83D88661F813B38000380A3;
			productRefGroup = D83D88701F813B38000380A3 /* Products */;
			projectDirPath = "";
			projectRoot = "";
			targets = (
				D83D886E1F813B38000380A3 /* Mark 3 */,
				D83D88821F813B38000380A3 /* Mark 3Tests */,
				D83D888D1F813B38000380A3 /* Mark 3UITests */,
			);
		};
/* End PBXProject section */

/* Begin PBXResourcesBuildPhase section */
		D83D886D1F813B38000380A3 /* Resources */ = {
			isa = PBXResourcesBuildPhase;
			buildActionMask = 2147483647;
			files = (
				D83D887D1F813B38000380A3 /* LaunchScreen.storyboard in Resources */,
				D83D887A1F813B38000380A3 /* Assets.xcassets in Resources */,
				D83D88781F813B38000380A3 /* Main.storyboard in Resources */,
			);
			runOnlyForDeploymentPostprocessing = 0;
		};
		D83D88811F813B38000380A3 /* Resources */ = {
			isa = PBXResourcesBuildPhase;
			buildActionMask = 2147483647;
			files = (
			);
			runOnlyForDeploymentPostprocessing = 0;
		};
		D83D888C1F813B38000380A3 /* Resources */ = {
			isa = PBXResourcesBuildPhase;
			buildActionMask = 2147483647;
			files = (
			);
			runOnlyForDeploymentPostprocessing = 0;
		};
/* End PBXResourcesBuildPhase section */

/* Begin PBXSourcesBuildPhase section */
		D83D886B1F813B38000380A3 /* Sources */ = {
			isa = PBXSourcesBuildPhase;
			buildActionMask = 2147483647;
			files = (
				D83D88751F813B38000380A3 /* ViewController.swift in Sources */,
				D83D88731F813B38000380A3 /* AppDelegate.swift in Sources */,
			);
			runOnlyForDeploymentPostprocessing = 0;
		};
		D83D887F1F813B38000380A3 /* Sources */ = {
			isa = PBXSourcesBuildPhase;
			buildActionMask = 2147483647;
			files = (
				D83D88881F813B38000380A3 /* Mark_3Tests.swift in Sources */,
			);
			runOnlyForDeploymentPostprocessing = 0;
		};
		D83D888A1F813B38000380A3 /* Sources */ = {
			isa = PBXSourcesBuildPhase;
			buildActionMask = 2147483647;
			files = (
				D83D88931F813B38000380A3 /* Mark_3UITests.swift in Sources */,
			);
			runOnlyForDeploymentPostprocessing = 0;
		};
/* End PBXSourcesBuildPhase section */

/* Begin PBXTargetDependency section */
		D83D88851F813B38000380A3 /* PBXTargetDependency */ = {
			isa = PBXTargetDependency;
			target = D83D886E1F813B38000380A3 /* Mark 3 */;
			targetProxy = D83D88841F813B38000380A3 /* PBXContainerItemProxy */;
		};
		D83D88901F813B38000380A3 /* PBXTargetDependency */ = {
			isa = PBXTargetDependency;
			target = D83D886E1F813B38000380A3 /* Mark 3 */;
			targetProxy = D83D888F1F813B38000380A3 /* PBXContainerItemProxy */;
		};
/* End PBXTargetDependency section */

/* Begin PBXVariantGroup section */
		D83D88761F813B38000380A3 /* Main.storyboard */ = {
			isa = PBXVariantGroup;
			children = (
				D83D88771F813B38000380A3 /* Base */,
			);
			name = Main.storyboard;
			sourceTree = "<group>";
		};
		D83D887B1F813B38000380A3 /* LaunchScreen.storyboard */ = {
			isa = PBXVariantGroup;
			children = (
				D83D887C1F813B38000380A3 /* Base */,
			);
			name = LaunchScreen.storyboard;
			sourceTree = "<group>";
		};
/* End PBXVariantGroup section */

/* Begin XCBuildConfiguration section */
		D83D88951F813B38000380A3 /* Debug */ = {
			isa = XCBuildConfiguration;
			buildSettings = {
				ALWAYS_SEARCH_USER_PATHS = NO;
				CLANG_ANALYZER_NONNULL = YES;
				CLANG_ANALYZER_NUMBER_OBJECT_CONVERSION = YES_AGGRESSIVE;
				CLANG_CXX_LANGUAGE_STANDARD = "gnu++14";
				CLANG_CXX_LIBRARY = "libc++";
				CLANG_ENABLE_MODULES = YES;
				CLANG_ENABLE_OBJC_ARC = YES;
				CLANG_WARN_BLOCK_CAPTURE_AUTORELEASING = YES;
				CLANG_WARN_BOOL_CONVERSION = YES;
				CLANG_WARN_COMMA = YES;
				CLANG_WARN_CONSTANT_CONVERSION = YES;
				CLANG_WARN_DIRECT_OBJC_ISA_USAGE = YES_ERROR;
				CLANG_WARN_DOCUMENTATION_COMMENTS = YES;
				CLANG_WARN_EMPTY_BODY = YES;
				CLANG_WARN_ENUM_CONVERSION = YES;
				CLANG_WARN_INFINITE_RECURSION = YES;
				CLANG_WARN_INT_CONVERSION = YES;
				CLANG_WARN_NON_LITERAL_NULL_CONVERSION = YES;
				CLANG_WARN_OBJC_LITERAL_CONVERSION = YES;
				CLANG_WARN_OBJC_ROOT_CLASS = YES_ERROR;
				CLANG_WARN_RANGE_LOOP_ANALYSIS = YES;
				CLANG_WARN_STRICT_PROTOTYPES = YES;
				CLANG_WARN_SUSPICIOUS_MOVE = YES;
				CLANG_WARN_UNGUARDED_AVAILABILITY = YES_AGGRESSIVE;
				CLANG_WARN_UNREACHABLE_CODE = YES;
				CLANG_WARN__DUPLICATE_METHOD_MATCH = YES;
				CODE_SIGN_IDENTITY = "iPhone Developer";
				COPY_PHASE_STRIP = NO;
				DEBUG_INFORMATION_FORMAT = dwarf;
				ENABLE_STRICT_OBJC_MSGSEND = YES;
				ENABLE_TESTABILITY = YES;
				GCC_C_LANGUAGE_STANDARD = gnu11;
				GCC_DYNAMIC_NO_PIC = NO;
				GCC_NO_COMMON_BLOCKS = YES;
				GCC_OPTIMIZATION_LEVEL = 0;
				GCC_PREPROCESSOR_DEFINITIONS = (
					"DEBUG=1",
					"$(inherited)",
				);
				GCC_WARN_64_TO_32_BIT_CONVERSION = YES;
				GCC_WARN_ABOUT_RETURN_TYPE = YES_ERROR;
				GCC_WARN_UNDECLARED_SELECTOR = YES;
				GCC_WARN_UNINITIALIZED_AUTOS = YES_AGGRESSIVE;
				GCC_WARN_UNUSED_FUNCTION = YES;
				GCC_WARN_UNUSED_VARIABLE = YES;
				IPHONEOS_DEPLOYMENT_TARGET = 11.0;
				MTL_ENABLE_DEBUG_INFO = YES;
				ONLY_ACTIVE_ARCH = YES;
				SDKROOT = iphoneos;
				SWIFT_ACTIVE_COMPILATION_CONDITIONS = DEBUG;
				SWIFT_OPTIMIZATION_LEVEL = "-Onone";
			};
			name = Debug;
		};
		D83D88961F813B38000380A3 /* Release */ = {
			isa = XCBuildConfiguration;
			buildSettings = {
				ALWAYS_SEARCH_USER_PATHS = NO;
				CLANG_ANALYZER_NONNULL = YES;
				CLANG_ANALYZER_NUMBER_OBJECT_CONVERSION = YES_AGGRESSIVE;
				CLANG_CXX_LANGUAGE_STANDARD = "gnu++14";
				CLANG_CXX_LIBRARY = "libc++";
				CLANG_ENABLE_MODULES = YES;
				CLANG_ENABLE_OBJC_ARC = YES;
				CLANG_WARN_BLOCK_CAPTURE_AUTORELEASING = YES;
				CLANG_WARN_BOOL_CONVERSION = YES;
				CLANG_WARN_COMMA = YES;
				CLANG_WARN_CONSTANT_CONVERSION = YES;
				CLANG_WARN_DIRECT_OBJC_ISA_USAGE = YES_ERROR;
				CLANG_WARN_DOCUMENTATION_COMMENTS = YES;
				CLANG_WARN_EMPTY_BODY = YES;
				CLANG_WARN_ENUM_CONVERSION = YES;
				CLANG_WARN_INFINITE_RECURSION = YES;
				CLANG_WARN_INT_CONVERSION = YES;
				CLANG_WARN_NON_LITERAL_NULL_CONVERSION = YES;
				CLANG_WARN_OBJC_LITERAL_CONVERSION = YES;
				CLANG_WARN_OBJC_ROOT_CLASS = YES_ERROR;
				CLANG_WARN_RANGE_LOOP_ANALYSIS = YES;
				CLANG_WARN_STRICT_PROTOTYPES = YES;
				CLANG_WARN_SUSPICIOUS_MOVE = YES;
				CLANG_WARN_UNGUARDED_AVAILABILITY = YES_AGGRESSIVE;
				CLANG_WARN_UNREACHABLE_CODE = YES;
				CLANG_WARN__DUPLICATE_METHOD_MATCH = YES;
				CODE_SIGN_IDENTITY = "iPhone Developer";
				COPY_PHASE_STRIP = NO;
				DEBUG_INFORMATION_FORMAT = "dwarf-with-dsym";
				ENABLE_NS_ASSERTIONS = NO;
				ENABLE_STRICT_OBJC_MSGSEND = YES;
				GCC_C_LANGUAGE_STANDARD = gnu11;
				GCC_NO_COMMON_BLOCKS = YES;
				GCC_WARN_64_TO_32_BIT_CONVERSION = YES;
				GCC_WARN_ABOUT_RETURN_TYPE = YES_ERROR;
				GCC_WARN_UNDECLARED_SELECTOR = YES;
				GCC_WARN_UNINITIALIZED_AUTOS = YES_AGGRESSIVE;
				GCC_WARN_UNUSED_FUNCTION = YES;
				GCC_WARN_UNUSED_VARIABLE = YES;
				IPHONEOS_DEPLOYMENT_TARGET = 11.0;
				MTL_ENABLE_DEBUG_INFO = NO;
				SDKROOT = iphoneos;
				SWIFT_OPTIMIZATION_LEVEL = "-Owholemodule";
				VALIDATE_PRODUCT = YES;
			};
			name = Release;
		};
		D83D88981F813B38000380A3 /* Debug */ = {
			isa = XCBuildConfiguration;
			buildSettings = {
				ASSETCATALOG_COMPILER_APPICON_NAME = AppIcon;
				CODE_SIGN_STYLE = Automatic;
				DEVELOPMENT_TEAM = 7A55ZVUN76;
				INFOPLIST_FILE = "Mark 3/Info.plist";
				LD_RUNPATH_SEARCH_PATHS = "$(inherited) @executable_path/Frameworks";
				PRODUCT_BUNDLE_IDENTIFIER = "Nathan.Mark-3";
				PRODUCT_NAME = "$(TARGET_NAME)";
				SWIFT_VERSION = 4.0;
				TARGETED_DEVICE_FAMILY = "1,2";
			};
			name = Debug;
		};
		D83D88991F813B38000380A3 /* Release */ = {
			isa = XCBuildConfiguration;
			buildSettings = {
				ASSETCATALOG_COMPILER_APPICON_NAME = AppIcon;
				CODE_SIGN_STYLE = Automatic;
				DEVELOPMENT_TEAM = 7A55ZVUN76;
				INFOPLIST_FILE = "Mark 3/Info.plist";
				LD_RUNPATH_SEARCH_PATHS = "$(inherited) @executable_path/Frameworks";
				PRODUCT_BUNDLE_IDENTIFIER = "Nathan.Mark-3";
				PRODUCT_NAME = "$(TARGET_NAME)";
				SWIFT_VERSION = 4.0;
				TARGETED_DEVICE_FAMILY = "1,2";
			};
			name = Release;
		};
		D83D889B1F813B38000380A3 /* Debug */ = {
			isa = XCBuildConfiguration;
			buildSettings = {
				ALWAYS_EMBED_SWIFT_STANDARD_LIBRARIES = YES;
				BUNDLE_LOADER = "$(TEST_HOST)";
				CODE_SIGN_STYLE = Automatic;
				DEVELOPMENT_TEAM = 7A55ZVUN76;
				INFOPLIST_FILE = "Mark 3Tests/Info.plist";
				LD_RUNPATH_SEARCH_PATHS = "$(inherited) @executable_path/Frameworks @loader_path/Frameworks";
				PRODUCT_BUNDLE_IDENTIFIER = "Nathan.Mark-3Tests";
				PRODUCT_NAME = "$(TARGET_NAME)";
				SWIFT_VERSION = 4.0;
				TARGETED_DEVICE_FAMILY = "1,2";
				TEST_HOST = "$(BUILT_PRODUCTS_DIR)/Mark 3.app/Mark 3";
			};
			name = Debug;
		};
		D83D889C1F813B38000380A3 /* Release */ = {
			isa = XCBuildConfiguration;
			buildSettings = {
				ALWAYS_EMBED_SWIFT_STANDARD_LIBRARIES = YES;
				BUNDLE_LOADER = "$(TEST_HOST)";
				CODE_SIGN_STYLE = Automatic;
				DEVELOPMENT_TEAM = 7A55ZVUN76;
				INFOPLIST_FILE = "Mark 3Tests/Info.plist";
				LD_RUNPATH_SEARCH_PATHS = "$(inherited) @executable_path/Frameworks @loader_path/Frameworks";
				PRODUCT_BUNDLE_IDENTIFIER = "Nathan.Mark-3Tests";
				PRODUCT_NAME = "$(TARGET_NAME)";
				SWIFT_VERSION = 4.0;
				TARGETED_DEVICE_FAMILY = "1,2";
				TEST_HOST = "$(BUILT_PRODUCTS_DIR)/Mark 3.app/Mark 3";
			};
			name = Release;
		};
		D83D889E1F813B38000380A3 /* Debug */ = {
			isa = XCBuildConfiguration;
			buildSettings = {
				ALWAYS_EMBED_SWIFT_STANDARD_LIBRARIES = YES;
				CODE_SIGN_STYLE = Automatic;
				DEVELOPMENT_TEAM = 7A55ZVUN76;
				INFOPLIST_FILE = "Mark 3UITests/Info.plist";
				LD_RUNPATH_SEARCH_PATHS = "$(inherited) @executable_path/Frameworks @loader_path/Frameworks";
				PRODUCT_BUNDLE_IDENTIFIER = "Nathan.Mark-3UITests";
				PRODUCT_NAME = "$(TARGET_NAME)";
				SWIFT_VERSION = 4.0;
				TARGETED_DEVICE_FAMILY = "1,2";
				TEST_TARGET_NAME = "Mark 3";
			};
			name = Debug;
		};
		D83D889F1F813B38000380A3 /* Release */ = {
			isa = XCBuildConfiguration;
			buildSettings = {
				ALWAYS_EMBED_SWIFT_STANDARD_LIBRARIES = YES;
				CODE_SIGN_STYLE = Automatic;
				DEVELOPMENT_TEAM = 7A55ZVUN76;
				INFOPLIST_FILE = "Mark 3UITests/Info.plist";
				LD_RUNPATH_SEARCH_PATHS = "$(inherited) @executable_path/Frameworks @loader_path/Frameworks";
				PRODUCT_BUNDLE_IDENTIFIER = "Nathan.Mark-3UITests";
				PRODUCT_NAME = "$(TARGET_NAME)";
				SWIFT_VERSION = 4.0;
				TARGETED_DEVICE_FAMILY = "1,2";
				TEST_TARGET_NAME = "Mark 3";
			};
			name = Release;
		};
/* End XCBuildConfiguration section */

/* Begin XCConfigurationList section */
		D83D886A1F813B38000380A3 /* Build configuration list for PBXProject "Mark 3" */ = {
			isa = XCConfigurationList;
			buildConfigurations = (
				D83D88951F813B38000380A3 /* Debug */,
				D83D88961F813B38000380A3 /* Release */,
			);
			defaultConfigurationIsVisible = 0;
			defaultConfigurationName = Release;
		};
		D83D88971F813B38000380A3 /* Build configuration list for PBXNativeTarget "Mark 3" */ = {
			isa = XCConfigurationList;
			buildConfigurations = (
				D83D88981F813B38000380A3 /* Debug */,
				D83D88991F813B38000380A3 /* Release */,
			);
			defaultConfigurationIsVisible = 0;
			defaultConfigurationName = Release;
		};
		D83D889A1F813B38000380A3 /* Build configuration list for PBXNativeTarget "Mark 3Tests" */ = {
			isa = XCConfigurationList;
			buildConfigurations = (
				D83D889B1F813B38000380A3 /* Debug */,
				D83D889C1F813B38000380A3 /* Release */,
			);
			defaultConfigurationIsVisible = 0;
			defaultConfigurationName = Release;
		};
		D83D889D1F813B38000380A3 /* Build configuration list for PBXNativeTarget "Mark 3UITests" */ = {
			isa = XCConfigurationList;
			buildConfigurations = (
				D83D889E1F813B38000380A3 /* Debug */,
				D83D889F1F813B38000380A3 /* Release */,
			);
			defaultConfigurationIsVisible = 0;
			defaultConfigurationName = Release;
		};
/* End XCConfigurationList section */
	};
	rootObject = D83D88671F813B38000380A3 /* Project object */;
}
